// !$*UTF8*$!
{
	archiveVersion = 1;
	classes = {
	};
	objectVersion = 52;
	objects = {

/* Begin PBXBuildFile section */
		9BAA9DB568DB4C81282275EB /* Pods_american_airlines_app.framework in Frameworks */ = {isa = PBXBuildFile; fileRef = 94472B98823B7DFA3290F6F2 /* Pods_american_airlines_app.framework */; };
		C20DDC4325C6AF71002D711B /* Splash.swift in Sources */ = {isa = PBXBuildFile; fileRef = C20DDC4225C6AF71002D711B /* Splash.swift */; };
		C20DDC4525C6B005002D711B /* splash.gif in Resources */ = {isa = PBXBuildFile; fileRef = C20DDC4425C6B005002D711B /* splash.gif */; };
		C2BCE25025C67B27005EBDDA /* CountdownView.swift in Sources */ = {isa = PBXBuildFile; fileRef = C2BCE24F25C67B27005EBDDA /* CountdownView.swift */; };
		C2BCE25325C6A356005EBDDA /* AnimatedImageView.swift in Sources */ = {isa = PBXBuildFile; fileRef = C2BCE25225C6A355005EBDDA /* AnimatedImageView.swift */; };
		C2BFBC5525C5D96E006144DA /* american_airlines_appApp.swift in Sources */ = {isa = PBXBuildFile; fileRef = C2BFBC5425C5D96E006144DA /* american_airlines_appApp.swift */; };
		C2BFBC5725C5D96E006144DA /* ContentView.swift in Sources */ = {isa = PBXBuildFile; fileRef = C2BFBC5625C5D96E006144DA /* ContentView.swift */; };
		C2BFBC5925C5D970006144DA /* Assets.xcassets in Resources */ = {isa = PBXBuildFile; fileRef = C2BFBC5825C5D970006144DA /* Assets.xcassets */; };
		C2BFBC5C25C5D970006144DA /* Preview Assets.xcassets in Resources */ = {isa = PBXBuildFile; fileRef = C2BFBC5B25C5D970006144DA /* Preview Assets.xcassets */; };
		C2BFBC6B25C5DC1F006144DA /* Diedrate.swift in Sources */ = {isa = PBXBuildFile; fileRef = C2BFBC6A25C5DC1F006144DA /* Diedrate.swift */; };
		C2BFBC6F25C5DC2D006144DA /* GetBuff.swift in Sources */ = {isa = PBXBuildFile; fileRef = C2BFBC6E25C5DC2D006144DA /* GetBuff.swift */; };
		C2BFBC7225C5DC3D006144DA /* Snooze.swift in Sources */ = {isa = PBXBuildFile; fileRef = C2BFBC7125C5DC3D006144DA /* Snooze.swift */; };
		C2BFBC7525C5DC49006144DA /* SendHelp.swift in Sources */ = {isa = PBXBuildFile; fileRef = C2BFBC7425C5DC49006144DA /* SendHelp.swift */; };
		C2BFBC7825C5DE03006144DA /* ModelData.swift in Sources */ = {isa = PBXBuildFile; fileRef = C2BFBC7725C5DE03006144DA /* ModelData.swift */; };
		C2BFBC7B25C5DE23006144DA /* Intake.swift in Sources */ = {isa = PBXBuildFile; fileRef = C2BFBC7A25C5DE23006144DA /* Intake.swift */; };
		C2BFBC7F25C5EAF5006144DA /* ConfettiSwiftUI in Frameworks */ = {isa = PBXBuildFile; productRef = C2BFBC7E25C5EAF5006144DA /* ConfettiSwiftUI */; };
		C2BFBC8025C5EAF5006144DA /* ConfettiSwiftUI in Embed Frameworks */ = {isa = PBXBuildFile; productRef = C2BFBC7E25C5EAF5006144DA /* ConfettiSwiftUI */; settings = {ATTRIBUTES = (CodeSignOnCopy, ); }; };
		C2BFBC8325C64FC9006144DA /* ExerciseDesc.swift in Sources */ = {isa = PBXBuildFile; fileRef = C2BFBC8225C64FC8006144DA /* ExerciseDesc.swift */; };
		C2BFBC8525C65068006144DA /* PlaneExercises.swift in Sources */ = {isa = PBXBuildFile; fileRef = C2BFBC8425C65068006144DA /* PlaneExercises.swift */; };
		C2BFBC8725C654D5006144DA /* ExerciseCard.swift in Sources */ = {isa = PBXBuildFile; fileRef = C2BFBC8625C654D5006144DA /* ExerciseCard.swift */; };
		C2BFBC8925C66DA7006144DA /* SelectWorkout.swift in Sources */ = {isa = PBXBuildFile; fileRef = C2BFBC8825C66DA7006144DA /* SelectWorkout.swift */; };
		C2BFBC8B25C67761006144DA /* WorkingOut.swift in Sources */ = {isa = PBXBuildFile; fileRef = C2BFBC8A25C67761006144DA /* WorkingOut.swift */; };
		D85FCEE825C6633E00C8D81F /* PlaneView.swift in Sources */ = {isa = PBXBuildFile; fileRef = D85FCEE725C6633E00C8D81F /* PlaneView.swift */; };
		D85FCEF725C67DAE00C8D81F /* Request.swift in Sources */ = {isa = PBXBuildFile; fileRef = D85FCEF625C67DAE00C8D81F /* Request.swift */; };
		D85FCEF925C6841800C8D81F /* GoogleService-Info.plist in Resources */ = {isa = PBXBuildFile; fileRef = D85FCEF825C6841800C8D81F /* GoogleService-Info.plist */; };
		D85FCEFB25C68BA700C8D81F /* requestIO.swift in Sources */ = {isa = PBXBuildFile; fileRef = D85FCEFA25C68BA700C8D81F /* requestIO.swift */; };
/* End PBXBuildFile section */

/* Begin PBXCopyFilesBuildPhase section */
		C2BFBC8125C5EAF6006144DA /* Embed Frameworks */ = {
			isa = PBXCopyFilesBuildPhase;
			buildActionMask = 2147483647;
			dstPath = "";
			dstSubfolderSpec = 10;
			files = (
				C2BFBC8025C5EAF5006144DA /* ConfettiSwiftUI in Embed Frameworks */,
			);
			name = "Embed Frameworks";
			runOnlyForDeploymentPostprocessing = 0;
		};
/* End PBXCopyFilesBuildPhase section */

/* Begin PBXFileReference section */
		5BEF7F0F69BE3A945B772961 /* Pods-american-airlines-app.release.xcconfig */ = {isa = PBXFileReference; includeInIndex = 1; lastKnownFileType = text.xcconfig; name = "Pods-american-airlines-app.release.xcconfig"; path = "Target Support Files/Pods-american-airlines-app/Pods-american-airlines-app.release.xcconfig"; sourceTree = "<group>"; };
		94472B98823B7DFA3290F6F2 /* Pods_american_airlines_app.framework */ = {isa = PBXFileReference; explicitFileType = wrapper.framework; includeInIndex = 0; path = Pods_american_airlines_app.framework; sourceTree = BUILT_PRODUCTS_DIR; };
		94AA020E30D6A7589C46F9FE /* Pods-american-airlines-app.debug.xcconfig */ = {isa = PBXFileReference; includeInIndex = 1; lastKnownFileType = text.xcconfig; name = "Pods-american-airlines-app.debug.xcconfig"; path = "Target Support Files/Pods-american-airlines-app/Pods-american-airlines-app.debug.xcconfig"; sourceTree = "<group>"; };
		C20DDC4225C6AF71002D711B /* Splash.swift */ = {isa = PBXFileReference; lastKnownFileType = sourcecode.swift; path = Splash.swift; sourceTree = "<group>"; };
		C20DDC4425C6B005002D711B /* splash.gif */ = {isa = PBXFileReference; lastKnownFileType = image.gif; path = splash.gif; sourceTree = "<group>"; };
		C2BCE24F25C67B27005EBDDA /* CountdownView.swift */ = {isa = PBXFileReference; lastKnownFileType = sourcecode.swift; path = CountdownView.swift; sourceTree = "<group>"; };
		C2BCE25225C6A355005EBDDA /* AnimatedImageView.swift */ = {isa = PBXFileReference; lastKnownFileType = sourcecode.swift; path = AnimatedImageView.swift; sourceTree = "<group>"; };
		C2BFBC5125C5D96E006144DA /* american-airlines-app.app */ = {isa = PBXFileReference; explicitFileType = wrapper.application; includeInIndex = 0; path = "american-airlines-app.app"; sourceTree = BUILT_PRODUCTS_DIR; };
		C2BFBC5425C5D96E006144DA /* american_airlines_appApp.swift */ = {isa = PBXFileReference; lastKnownFileType = sourcecode.swift; path = american_airlines_appApp.swift; sourceTree = "<group>"; };
		C2BFBC5625C5D96E006144DA /* ContentView.swift */ = {isa = PBXFileReference; lastKnownFileType = sourcecode.swift; path = ContentView.swift; sourceTree = "<group>"; };
		C2BFBC5825C5D970006144DA /* Assets.xcassets */ = {isa = PBXFileReference; lastKnownFileType = folder.assetcatalog; path = Assets.xcassets; sourceTree = "<group>"; };
		C2BFBC5B25C5D970006144DA /* Preview Assets.xcassets */ = {isa = PBXFileReference; lastKnownFileType = folder.assetcatalog; path = "Preview Assets.xcassets"; sourceTree = "<group>"; };
		C2BFBC5D25C5D970006144DA /* Info.plist */ = {isa = PBXFileReference; lastKnownFileType = text.plist.xml; path = Info.plist; sourceTree = "<group>"; };
		C2BFBC6A25C5DC1F006144DA /* Diedrate.swift */ = {isa = PBXFileReference; lastKnownFileType = sourcecode.swift; path = Diedrate.swift; sourceTree = "<group>"; };
		C2BFBC6E25C5DC2D006144DA /* GetBuff.swift */ = {isa = PBXFileReference; lastKnownFileType = sourcecode.swift; path = GetBuff.swift; sourceTree = "<group>"; };
		C2BFBC7125C5DC3D006144DA /* Snooze.swift */ = {isa = PBXFileReference; lastKnownFileType = sourcecode.swift; path = Snooze.swift; sourceTree = "<group>"; };
		C2BFBC7425C5DC49006144DA /* SendHelp.swift */ = {isa = PBXFileReference; lastKnownFileType = sourcecode.swift; path = SendHelp.swift; sourceTree = "<group>"; };
		C2BFBC7725C5DE03006144DA /* ModelData.swift */ = {isa = PBXFileReference; lastKnownFileType = sourcecode.swift; path = ModelData.swift; sourceTree = "<group>"; };
		C2BFBC7A25C5DE23006144DA /* Intake.swift */ = {isa = PBXFileReference; lastKnownFileType = sourcecode.swift; path = Intake.swift; sourceTree = "<group>"; };
		C2BFBC8225C64FC8006144DA /* ExerciseDesc.swift */ = {isa = PBXFileReference; lastKnownFileType = sourcecode.swift; path = ExerciseDesc.swift; sourceTree = "<group>"; };
		C2BFBC8425C65068006144DA /* PlaneExercises.swift */ = {isa = PBXFileReference; lastKnownFileType = sourcecode.swift; path = PlaneExercises.swift; sourceTree = "<group>"; };
		C2BFBC8625C654D5006144DA /* ExerciseCard.swift */ = {isa = PBXFileReference; lastKnownFileType = sourcecode.swift; path = ExerciseCard.swift; sourceTree = "<group>"; };
		C2BFBC8825C66DA7006144DA /* SelectWorkout.swift */ = {isa = PBXFileReference; lastKnownFileType = sourcecode.swift; path = SelectWorkout.swift; sourceTree = "<group>"; };
		C2BFBC8A25C67761006144DA /* WorkingOut.swift */ = {isa = PBXFileReference; lastKnownFileType = sourcecode.swift; path = WorkingOut.swift; sourceTree = "<group>"; };
		D85FCEE725C6633E00C8D81F /* PlaneView.swift */ = {isa = PBXFileReference; lastKnownFileType = sourcecode.swift; path = PlaneView.swift; sourceTree = "<group>"; };
		D85FCEF625C67DAE00C8D81F /* Request.swift */ = {isa = PBXFileReference; lastKnownFileType = sourcecode.swift; path = Request.swift; sourceTree = "<group>"; };
		D85FCEF825C6841800C8D81F /* GoogleService-Info.plist */ = {isa = PBXFileReference; fileEncoding = 4; lastKnownFileType = text.plist.xml; path = "GoogleService-Info.plist"; sourceTree = "<group>"; };
		D85FCEFA25C68BA700C8D81F /* requestIO.swift */ = {isa = PBXFileReference; lastKnownFileType = sourcecode.swift; path = requestIO.swift; sourceTree = "<group>"; };
/* End PBXFileReference section */

/* Begin PBXFrameworksBuildPhase section */
		C2BFBC4E25C5D96E006144DA /* Frameworks */ = {
			isa = PBXFrameworksBuildPhase;
			buildActionMask = 2147483647;
			files = (
				C2BFBC7F25C5EAF5006144DA /* ConfettiSwiftUI in Frameworks */,
				9BAA9DB568DB4C81282275EB /* Pods_american_airlines_app.framework in Frameworks */,
			);
			runOnlyForDeploymentPostprocessing = 0;
		};
/* End PBXFrameworksBuildPhase section */

/* Begin PBXGroup section */
		649EF9E9F588E7ACF7B90A76 /* Frameworks */ = {
			isa = PBXGroup;
			children = (
				94472B98823B7DFA3290F6F2 /* Pods_american_airlines_app.framework */,
			);
			name = Frameworks;
			sourceTree = "<group>";
		};
		B8D08057801F01D3A884CC7C /* Pods */ = {
			isa = PBXGroup;
			children = (
				94AA020E30D6A7589C46F9FE /* Pods-american-airlines-app.debug.xcconfig */,
				5BEF7F0F69BE3A945B772961 /* Pods-american-airlines-app.release.xcconfig */,
			);
			path = Pods;
			sourceTree = "<group>";
		};
		C20DDC4625C6B00D002D711B /* splash */ = {
			isa = PBXGroup;
			children = (
				C20DDC4425C6B005002D711B /* splash.gif */,
				C2BCE25225C6A355005EBDDA /* AnimatedImageView.swift */,
				C20DDC4225C6AF71002D711B /* Splash.swift */,
			);
			path = splash;
			sourceTree = "<group>";
		};
		C2BFBC4825C5D96E006144DA = {
			isa = PBXGroup;
			children = (
				C2BFBC5325C5D96E006144DA /* american-airlines-app */,
				C2BFBC5225C5D96E006144DA /* Products */,
				649EF9E9F588E7ACF7B90A76 /* Frameworks */,
				B8D08057801F01D3A884CC7C /* Pods */,
			);
			sourceTree = "<group>";
		};
		C2BFBC5225C5D96E006144DA /* Products */ = {
			isa = PBXGroup;
			children = (
				C2BFBC5125C5D96E006144DA /* american-airlines-app.app */,
			);
			name = Products;
			sourceTree = "<group>";
		};
		C2BFBC5325C5D96E006144DA /* american-airlines-app */ = {
			isa = PBXGroup;
			children = (
				C20DDC4625C6B00D002D711B /* splash */,
				D85FCEF825C6841800C8D81F /* GoogleService-Info.plist */,
				D85FCEE625C6632400C8D81F /* plane */,
				C2BFBC6925C5DC0D006144DA /* sendHelp */,
				C2BFBC6825C5DC08006144DA /* snooze */,
				C2BFBC6725C5DC04006144DA /* getBuff */,
				C2BFBC6525C5DBE9006144DA /* diedrate */,
				C2BFBC6425C5DBE5006144DA /* model */,
				C2BFBC5425C5D96E006144DA /* american_airlines_appApp.swift */,
				C2BFBC5625C5D96E006144DA /* ContentView.swift */,
				C2BFBC5825C5D970006144DA /* Assets.xcassets */,
				C2BFBC5D25C5D970006144DA /* Info.plist */,
				C2BFBC5A25C5D970006144DA /* Preview Content */,
			);
			path = "american-airlines-app";
			sourceTree = "<group>";
		};
		C2BFBC5A25C5D970006144DA /* Preview Content */ = {
			isa = PBXGroup;
			children = (
				C2BFBC5B25C5D970006144DA /* Preview Assets.xcassets */,
			);
			path = "Preview Content";
			sourceTree = "<group>";
		};
		C2BFBC6425C5DBE5006144DA /* model */ = {
			isa = PBXGroup;
			children = (
				C2BFBC7725C5DE03006144DA /* ModelData.swift */,
			);
			path = model;
			sourceTree = "<group>";
		};
		C2BFBC6525C5DBE9006144DA /* diedrate */ = {
			isa = PBXGroup;
			children = (
				C2BFBC6A25C5DC1F006144DA /* Diedrate.swift */,
				C2BFBC7A25C5DE23006144DA /* Intake.swift */,
			);
			path = diedrate;
			sourceTree = "<group>";
		};
		C2BFBC6725C5DC04006144DA /* getBuff */ = {
			isa = PBXGroup;
			children = (
				C2BFBC6E25C5DC2D006144DA /* GetBuff.swift */,
				C2BFBC8225C64FC8006144DA /* ExerciseDesc.swift */,
				C2BFBC8425C65068006144DA /* PlaneExercises.swift */,
				C2BFBC8625C654D5006144DA /* ExerciseCard.swift */,
				C2BFBC8825C66DA7006144DA /* SelectWorkout.swift */,
				C2BFBC8A25C67761006144DA /* WorkingOut.swift */,
				C2BCE24F25C67B27005EBDDA /* CountdownView.swift */,
			);
			path = getBuff;
			sourceTree = "<group>";
		};
		C2BFBC6825C5DC08006144DA /* snooze */ = {
			isa = PBXGroup;
			children = (
				C2BFBC7125C5DC3D006144DA /* Snooze.swift */,
			);
			path = snooze;
			sourceTree = "<group>";
		};
		C2BFBC6925C5DC0D006144DA /* sendHelp */ = {
			isa = PBXGroup;
			children = (
				C2BFBC7425C5DC49006144DA /* SendHelp.swift */,
				D85FCEF625C67DAE00C8D81F /* Request.swift */,
				D85FCEFA25C68BA700C8D81F /* requestIO.swift */,
			);
			path = sendHelp;
			sourceTree = "<group>";
		};
		D85FCEE625C6632400C8D81F /* plane */ = {
			isa = PBXGroup;
			children = (
				D85FCEE725C6633E00C8D81F /* PlaneView.swift */,
			);
			path = plane;
			sourceTree = "<group>";
		};
/* End PBXGroup section */

/* Begin PBXNativeTarget section */
		C2BFBC5025C5D96E006144DA /* american-airlines-app */ = {
			isa = PBXNativeTarget;
			buildConfigurationList = C2BFBC6025C5D970006144DA /* Build configuration list for PBXNativeTarget "american-airlines-app" */;
			buildPhases = (
				E68561CDF40A261A9F9FDD62 /* [CP] Check Pods Manifest.lock */,
				C2BFBC4D25C5D96E006144DA /* Sources */,
				C2BFBC4E25C5D96E006144DA /* Frameworks */,
				C2BFBC4F25C5D96E006144DA /* Resources */,
				C2BFBC8125C5EAF6006144DA /* Embed Frameworks */,
				686E76D43DCBE2B3AD6F52AD /* [CP] Embed Pods Frameworks */,
			);
			buildRules = (
			);
			dependencies = (
			);
			name = "american-airlines-app";
			packageProductDependencies = (
				C2BFBC7E25C5EAF5006144DA /* ConfettiSwiftUI */,
			);
			productName = "american-airlines-app";
			productReference = C2BFBC5125C5D96E006144DA /* american-airlines-app.app */;
			productType = "com.apple.product-type.application";
		};
/* End PBXNativeTarget section */

/* Begin PBXProject section */
		C2BFBC4925C5D96E006144DA /* Project object */ = {
			isa = PBXProject;
			attributes = {
				LastSwiftUpdateCheck = 1230;
				LastUpgradeCheck = 1230;
				TargetAttributes = {
					C2BFBC5025C5D96E006144DA = {
						CreatedOnToolsVersion = 12.3;
					};
				};
			};
			buildConfigurationList = C2BFBC4C25C5D96E006144DA /* Build configuration list for PBXProject "american-airlines-app" */;
			compatibilityVersion = "Xcode 9.3";
			developmentRegion = en;
			hasScannedForEncodings = 0;
			knownRegions = (
				en,
				Base,
			);
			mainGroup = C2BFBC4825C5D96E006144DA;
			packageReferences = (
				C2BFBC7D25C5EAF5006144DA /* XCRemoteSwiftPackageReference "ConfettiSwiftUI" */,
			);
			productRefGroup = C2BFBC5225C5D96E006144DA /* Products */;
			projectDirPath = "";
			projectRoot = "";
			targets = (
				C2BFBC5025C5D96E006144DA /* american-airlines-app */,
			);
		};
/* End PBXProject section */

/* Begin PBXResourcesBuildPhase section */
		C2BFBC4F25C5D96E006144DA /* Resources */ = {
			isa = PBXResourcesBuildPhase;
			buildActionMask = 2147483647;
			files = (
				C2BFBC5C25C5D970006144DA /* Preview Assets.xcassets in Resources */,
				C20DDC4525C6B005002D711B /* splash.gif in Resources */,
				C2BFBC5925C5D970006144DA /* Assets.xcassets in Resources */,
				D85FCEF925C6841800C8D81F /* GoogleService-Info.plist in Resources */,
			);
			runOnlyForDeploymentPostprocessing = 0;
		};
/* End PBXResourcesBuildPhase section */

/* Begin PBXShellScriptBuildPhase section */
		686E76D43DCBE2B3AD6F52AD /* [CP] Embed Pods Frameworks */ = {
			isa = PBXShellScriptBuildPhase;
			buildActionMask = 2147483647;
			files = (
			);
			inputFileListPaths = (
				"${PODS_ROOT}/Target Support Files/Pods-american-airlines-app/Pods-american-airlines-app-frameworks-${CONFIGURATION}-input-files.xcfilelist",
			);
			name = "[CP] Embed Pods Frameworks";
			outputFileListPaths = (
				"${PODS_ROOT}/Target Support Files/Pods-american-airlines-app/Pods-american-airlines-app-frameworks-${CONFIGURATION}-output-files.xcfilelist",
			);
			runOnlyForDeploymentPostprocessing = 0;
			shellPath = /bin/sh;
			shellScript = "\"${PODS_ROOT}/Target Support Files/Pods-american-airlines-app/Pods-american-airlines-app-frameworks.sh\"\n";
			showEnvVarsInLog = 0;
		};
		E68561CDF40A261A9F9FDD62 /* [CP] Check Pods Manifest.lock */ = {
			isa = PBXShellScriptBuildPhase;
			buildActionMask = 2147483647;
			files = (
			);
			inputFileListPaths = (
			);
			inputPaths = (
				"${PODS_PODFILE_DIR_PATH}/Podfile.lock",
				"${PODS_ROOT}/Manifest.lock",
			);
			name = "[CP] Check Pods Manifest.lock";
			outputFileListPaths = (
			);
			outputPaths = (
				"$(DERIVED_FILE_DIR)/Pods-american-airlines-app-checkManifestLockResult.txt",
			);
			runOnlyForDeploymentPostprocessing = 0;
			shellPath = /bin/sh;
			shellScript = "diff \"${PODS_PODFILE_DIR_PATH}/Podfile.lock\" \"${PODS_ROOT}/Manifest.lock\" > /dev/null\nif [ $? != 0 ] ; then\n    # print error to STDERR\n    echo \"error: The sandbox is not in sync with the Podfile.lock. Run 'pod install' or update your CocoaPods installation.\" >&2\n    exit 1\nfi\n# This output is used by Xcode 'outputs' to avoid re-running this script phase.\necho \"SUCCESS\" > \"${SCRIPT_OUTPUT_FILE_0}\"\n";
			showEnvVarsInLog = 0;
		};
/* End PBXShellScriptBuildPhase section */

/* Begin PBXSourcesBuildPhase section */
		C2BFBC4D25C5D96E006144DA /* Sources */ = {
			isa = PBXSourcesBuildPhase;
			buildActionMask = 2147483647;
			files = (
				C2BFBC8B25C67761006144DA /* WorkingOut.swift in Sources */,
				C2BFBC8325C64FC9006144DA /* ExerciseDesc.swift in Sources */,
				C2BFBC7525C5DC49006144DA /* SendHelp.swift in Sources */,
				C2BCE25325C6A356005EBDDA /* AnimatedImageView.swift in Sources */,
				C2BFBC7225C5DC3D006144DA /* Snooze.swift in Sources */,
				C2BFBC5725C5D96E006144DA /* ContentView.swift in Sources */,
				C20DDC4325C6AF71002D711B /* Splash.swift in Sources */,
				C2BFBC7B25C5DE23006144DA /* Intake.swift in Sources */,
				C2BCE25025C67B27005EBDDA /* CountdownView.swift in Sources */,
				C2BFBC8725C654D5006144DA /* ExerciseCard.swift in Sources */,
				D85FCEE825C6633E00C8D81F /* PlaneView.swift in Sources */,
				D85FCEF725C67DAE00C8D81F /* Request.swift in Sources */,
				C2BFBC5525C5D96E006144DA /* american_airlines_appApp.swift in Sources */,
				C2BFBC8525C65068006144DA /* PlaneExercises.swift in Sources */,
				D85FCEFB25C68BA700C8D81F /* requestIO.swift in Sources */,
				C2BFBC6B25C5DC1F006144DA /* Diedrate.swift in Sources */,
				C2BFBC8925C66DA7006144DA /* SelectWorkout.swift in Sources */,
				C2BFBC6F25C5DC2D006144DA /* GetBuff.swift in Sources */,
				C2BFBC7825C5DE03006144DA /* ModelData.swift in Sources */,
			);
			runOnlyForDeploymentPostprocessing = 0;
		};
/* End PBXSourcesBuildPhase section */

/* Begin XCBuildConfiguration section */
		C2BFBC5E25C5D970006144DA /* Debug */ = {
			isa = XCBuildConfiguration;
			buildSettings = {
				ALWAYS_SEARCH_USER_PATHS = NO;
				CLANG_ANALYZER_NONNULL = YES;
				CLANG_ANALYZER_NUMBER_OBJECT_CONVERSION = YES_AGGRESSIVE;
				CLANG_CXX_LANGUAGE_STANDARD = "gnu++14";
				CLANG_CXX_LIBRARY = "libc++";
				CLANG_ENABLE_MODULES = YES;
				CLANG_ENABLE_OBJC_ARC = YES;
				CLANG_ENABLE_OBJC_WEAK = YES;
				CLANG_WARN_BLOCK_CAPTURE_AUTORELEASING = YES;
				CLANG_WARN_BOOL_CONVERSION = YES;
				CLANG_WARN_COMMA = YES;
				CLANG_WARN_CONSTANT_CONVERSION = YES;
				CLANG_WARN_DEPRECATED_OBJC_IMPLEMENTATIONS = YES;
				CLANG_WARN_DIRECT_OBJC_ISA_USAGE = YES_ERROR;
				CLANG_WARN_DOCUMENTATION_COMMENTS = YES;
				CLANG_WARN_EMPTY_BODY = YES;
				CLANG_WARN_ENUM_CONVERSION = YES;
				CLANG_WARN_INFINITE_RECURSION = YES;
				CLANG_WARN_INT_CONVERSION = YES;
				CLANG_WARN_NON_LITERAL_NULL_CONVERSION = YES;
				CLANG_WARN_OBJC_IMPLICIT_RETAIN_SELF = YES;
				CLANG_WARN_OBJC_LITERAL_CONVERSION = YES;
				CLANG_WARN_OBJC_ROOT_CLASS = YES_ERROR;
				CLANG_WARN_QUOTED_INCLUDE_IN_FRAMEWORK_HEADER = YES;
				CLANG_WARN_RANGE_LOOP_ANALYSIS = YES;
				CLANG_WARN_STRICT_PROTOTYPES = YES;
				CLANG_WARN_SUSPICIOUS_MOVE = YES;
				CLANG_WARN_UNGUARDED_AVAILABILITY = YES_AGGRESSIVE;
				CLANG_WARN_UNREACHABLE_CODE = YES;
				CLANG_WARN__DUPLICATE_METHOD_MATCH = YES;
				COPY_PHASE_STRIP = NO;
				DEBUG_INFORMATION_FORMAT = dwarf;
				ENABLE_STRICT_OBJC_MSGSEND = YES;
				ENABLE_TESTABILITY = YES;
				GCC_C_LANGUAGE_STANDARD = gnu11;
				GCC_DYNAMIC_NO_PIC = NO;
				GCC_NO_COMMON_BLOCKS = YES;
				GCC_OPTIMIZATION_LEVEL = 0;
				GCC_PREPROCESSOR_DEFINITIONS = (
					"DEBUG=1",
					"$(inherited)",
				);
				GCC_WARN_64_TO_32_BIT_CONVERSION = YES;
				GCC_WARN_ABOUT_RETURN_TYPE = YES_ERROR;
				GCC_WARN_UNDECLARED_SELECTOR = YES;
				GCC_WARN_UNINITIALIZED_AUTOS = YES_AGGRESSIVE;
				GCC_WARN_UNUSED_FUNCTION = YES;
				GCC_WARN_UNUSED_VARIABLE = YES;
				IPHONEOS_DEPLOYMENT_TARGET = 14.3;
				MTL_ENABLE_DEBUG_INFO = INCLUDE_SOURCE;
				MTL_FAST_MATH = YES;
				ONLY_ACTIVE_ARCH = YES;
				SDKROOT = iphoneos;
				SWIFT_ACTIVE_COMPILATION_CONDITIONS = DEBUG;
				SWIFT_OPTIMIZATION_LEVEL = "-Onone";
			};
			name = Debug;
		};
		C2BFBC5F25C5D970006144DA /* Release */ = {
			isa = XCBuildConfiguration;
			buildSettings = {
				ALWAYS_SEARCH_USER_PATHS = NO;
				CLANG_ANALYZER_NONNULL = YES;
				CLANG_ANALYZER_NUMBER_OBJECT_CONVERSION = YES_AGGRESSIVE;
				CLANG_CXX_LANGUAGE_STANDARD = "gnu++14";
				CLANG_CXX_LIBRARY = "libc++";
				CLANG_ENABLE_MODULES = YES;
				CLANG_ENABLE_OBJC_ARC = YES;
				CLANG_ENABLE_OBJC_WEAK = YES;
				CLANG_WARN_BLOCK_CAPTURE_AUTORELEASING = YES;
				CLANG_WARN_BOOL_CONVERSION = YES;
				CLANG_WARN_COMMA = YES;
				CLANG_WARN_CONSTANT_CONVERSION = YES;
				CLANG_WARN_DEPRECATED_OBJC_IMPLEMENTATIONS = YES;
				CLANG_WARN_DIRECT_OBJC_ISA_USAGE = YES_ERROR;
				CLANG_WARN_DOCUMENTATION_COMMENTS = YES;
				CLANG_WARN_EMPTY_BODY = YES;
				CLANG_WARN_ENUM_CONVERSION = YES;
				CLANG_WARN_INFINITE_RECURSION = YES;
				CLANG_WARN_INT_CONVERSION = YES;
				CLANG_WARN_NON_LITERAL_NULL_CONVERSION = YES;
				CLANG_WARN_OBJC_IMPLICIT_RETAIN_SELF = YES;
				CLANG_WARN_OBJC_LITERAL_CONVERSION = YES;
				CLANG_WARN_OBJC_ROOT_CLASS = YES_ERROR;
				CLANG_WARN_QUOTED_INCLUDE_IN_FRAMEWORK_HEADER = YES;
				CLANG_WARN_RANGE_LOOP_ANALYSIS = YES;
				CLANG_WARN_STRICT_PROTOTYPES = YES;
				CLANG_WARN_SUSPICIOUS_MOVE = YES;
				CLANG_WARN_UNGUARDED_AVAILABILITY = YES_AGGRESSIVE;
				CLANG_WARN_UNREACHABLE_CODE = YES;
				CLANG_WARN__DUPLICATE_METHOD_MATCH = YES;
				COPY_PHASE_STRIP = NO;
				DEBUG_INFORMATION_FORMAT = "dwarf-with-dsym";
				ENABLE_NS_ASSERTIONS = NO;
				ENABLE_STRICT_OBJC_MSGSEND = YES;
				GCC_C_LANGUAGE_STANDARD = gnu11;
				GCC_NO_COMMON_BLOCKS = YES;
				GCC_WARN_64_TO_32_BIT_CONVERSION = YES;
				GCC_WARN_ABOUT_RETURN_TYPE = YES_ERROR;
				GCC_WARN_UNDECLARED_SELECTOR = YES;
				GCC_WARN_UNINITIALIZED_AUTOS = YES_AGGRESSIVE;
				GCC_WARN_UNUSED_FUNCTION = YES;
				GCC_WARN_UNUSED_VARIABLE = YES;
				IPHONEOS_DEPLOYMENT_TARGET = 14.3;
				MTL_ENABLE_DEBUG_INFO = NO;
				MTL_FAST_MATH = YES;
				SDKROOT = iphoneos;
				SWIFT_COMPILATION_MODE = wholemodule;
				SWIFT_OPTIMIZATION_LEVEL = "-O";
				VALIDATE_PRODUCT = YES;
			};
			name = Release;
		};
		C2BFBC6125C5D970006144DA /* Debug */ = {
			isa = XCBuildConfiguration;
			baseConfigurationReference = 94AA020E30D6A7589C46F9FE /* Pods-american-airlines-app.debug.xcconfig */;
			buildSettings = {
				ASSETCATALOG_COMPILER_APPICON_NAME = AppIcon;
				ASSETCATALOG_COMPILER_GLOBAL_ACCENT_COLOR_NAME = AccentColor;
				CODE_SIGN_STYLE = Automatic;
				DEVELOPMENT_ASSET_PATHS = "\"american-airlines-app/Preview Content\"";
				DEVELOPMENT_TEAM = 2Y2353RSW5;
				ENABLE_PREVIEWS = YES;
				INFOPLIST_FILE = "american-airlines-app/Info.plist";
				IPHONEOS_DEPLOYMENT_TARGET = 14.0;
				LD_RUNPATH_SEARCH_PATHS = (
					"$(inherited)",
					"@executable_path/Frameworks",
				);
				PRODUCT_BUNDLE_IDENTIFIER = "com.timothygoh.american-airlines-app";
				PRODUCT_NAME = "$(TARGET_NAME)";
				SWIFT_VERSION = 5.0;
				TARGETED_DEVICE_FAMILY = "1,2";
			};
			name = Debug;
		};
		C2BFBC6225C5D970006144DA /* Release */ = {
			isa = XCBuildConfiguration;
			baseConfigurationReference = 5BEF7F0F69BE3A945B772961 /* Pods-american-airlines-app.release.xcconfig */;
			buildSettings = {
				ASSETCATALOG_COMPILER_APPICON_NAME = AppIcon;
				ASSETCATALOG_COMPILER_GLOBAL_ACCENT_COLOR_NAME = AccentColor;
				CODE_SIGN_STYLE = Automatic;
				DEVELOPMENT_ASSET_PATHS = "\"american-airlines-app/Preview Content\"";
				DEVELOPMENT_TEAM = 2Y2353RSW5;
				ENABLE_PREVIEWS = YES;
				INFOPLIST_FILE = "american-airlines-app/Info.plist";
				IPHONEOS_DEPLOYMENT_TARGET = 14.0;
				LD_RUNPATH_SEARCH_PATHS = (
					"$(inherited)",
					"@executable_path/Frameworks",
				);
				PRODUCT_BUNDLE_IDENTIFIER = "com.timothygoh.american-airlines-app";
				PRODUCT_NAME = "$(TARGET_NAME)";
				SWIFT_VERSION = 5.0;
				TARGETED_DEVICE_FAMILY = "1,2";
			};
			name = Release;
		};
/* End XCBuildConfiguration section */

/* Begin XCConfigurationList section */
		C2BFBC4C25C5D96E006144DA /* Build configuration list for PBXProject "american-airlines-app" */ = {
			isa = XCConfigurationList;
			buildConfigurations = (
				C2BFBC5E25C5D970006144DA /* Debug */,
				C2BFBC5F25C5D970006144DA /* Release */,
			);
			defaultConfigurationIsVisible = 0;
			defaultConfigurationName = Release;
		};
		C2BFBC6025C5D970006144DA /* Build configuration list for PBXNativeTarget "american-airlines-app" */ = {
			isa = XCConfigurationList;
			buildConfigurations = (
				C2BFBC6125C5D970006144DA /* Debug */,
				C2BFBC6225C5D970006144DA /* Release */,
			);
			defaultConfigurationIsVisible = 0;
			defaultConfigurationName = Release;
		};
/* End XCConfigurationList section */

/* Begin XCRemoteSwiftPackageReference section */
		C2BFBC7D25C5EAF5006144DA /* XCRemoteSwiftPackageReference "ConfettiSwiftUI" */ = {
			isa = XCRemoteSwiftPackageReference;
			repositoryURL = "https://github.com/simibac/ConfettiSwiftUI";
			requirement = {
				branch = master;
				kind = branch;
			};
		};
/* End XCRemoteSwiftPackageReference section */

/* Begin XCSwiftPackageProductDependency section */
		C2BFBC7E25C5EAF5006144DA /* ConfettiSwiftUI */ = {
			isa = XCSwiftPackageProductDependency;
			package = C2BFBC7D25C5EAF5006144DA /* XCRemoteSwiftPackageReference "ConfettiSwiftUI" */;
			productName = ConfettiSwiftUI;
		};
/* End XCSwiftPackageProductDependency section */
	};
	rootObject = C2BFBC4925C5D96E006144DA /* Project object */;
}
